
Microsoft Visual Studio Solution File, Format Version 12.00
# Visual Studio Version 17
VisualStudioVersion = 17.14.36429.23 d17.14
MinimumVisualStudioVersion = 10.0.40219.1
Project("{FAE04EC0-301F-11D3-BF4B-00C04F79EFBC}") = "1150080012_BuiHaiDuong", "1150080012_BuiHaiDuong\1150080012_BuiHaiDuong.csproj", "{6C8C6D92-1CE0-4C2A-98DE-706A4D061AB9}"
EndProject
Global
	GlobalSection(SolutionConfigurationPlatforms) = preSolution
		Debug|Any CPU = Debug|Any CPU
		Release|Any CPU = Release|Any CPU
	EndGlobalSection
	GlobalSection(ProjectConfigurationPlatforms) = postSolution
		{6C8C6D92-1CE0-4C2A-98DE-706A4D061AB9}.Debug|Any CPU.ActiveCfg = Debug|Any CPU
		{6C8C6D92-1CE0-4C2A-98DE-706A4D061AB9}.Debug|Any CPU.Build.0 = Debug|Any CPU
		{6C8C6D92-1CE0-4C2A-98DE-706A4D061AB9}.Release|Any CPU.ActiveCfg = Release|Any CPU
		{6C8C6D92-1CE0-4C2A-98DE-706A4D061AB9}.Release|Any CPU.Build.0 = Release|Any CPU
	EndGlobalSection
	GlobalSection(SolutionProperties) = preSolution
		HideSolutionNode = FALSE
	EndGlobalSection
	GlobalSection(ExtensibilityGlobals) = postSolution
		SolutionGuid = {836B7324-83FA-4585-B098-4C45806EF29C}
	EndGlobalSection
EndGlobal
